
Microsoft Visual Studio Solution File, Format Version 12.00
# Visual Studio 15
VisualStudioVersion = 15.0.26730.8
MinimumVisualStudioVersion = 10.0.40219.1
Project("{9A19103F-16F7-4668-BE54-9A1E7A4F7556}") = "TutoCMS", "TutoCMS\TutoCMS.csproj", "{A607DF04-A8CE-4BCC-B52E-5C37B2C3573F}"
EndProject
Project("{FAE04EC0-301F-11D3-BF4B-00C04F79EFBC}") = "TutoCMS.Tests", "TutoCMS.Tests\TutoCMS.Tests.csproj", "{C77ECA90-D1A1-4DE0-A73A-A4BFE71367DE}"
EndProject
Global
	GlobalSection(SolutionConfigurationPlatforms) = preSolution
		Debug|Any CPU = Debug|Any CPU
		Release|Any CPU = Release|Any CPU
	EndGlobalSection
	GlobalSection(ProjectConfigurationPlatforms) = postSolution
		{A607DF04-A8CE-4BCC-B52E-5C37B2C3573F}.Debug|Any CPU.ActiveCfg = Debug|Any CPU
		{A607DF04-A8CE-4BCC-B52E-5C37B2C3573F}.Debug|Any CPU.Build.0 = Debug|Any CPU
		{A607DF04-A8CE-4BCC-B52E-5C37B2C3573F}.Release|Any CPU.ActiveCfg = Release|Any CPU
		{A607DF04-A8CE-4BCC-B52E-5C37B2C3573F}.Release|Any CPU.Build.0 = Release|Any CPU
		{C77ECA90-D1A1-4DE0-A73A-A4BFE71367DE}.Debug|Any CPU.ActiveCfg = Debug|Any CPU
		{C77ECA90-D1A1-4DE0-A73A-A4BFE71367DE}.Debug|Any CPU.Build.0 = Debug|Any CPU
		{C77ECA90-D1A1-4DE0-A73A-A4BFE71367DE}.Release|Any CPU.ActiveCfg = Release|Any CPU
		{C77ECA90-D1A1-4DE0-A73A-A4BFE71367DE}.Release|Any CPU.Build.0 = Release|Any CPU
	EndGlobalSection
	GlobalSection(SolutionProperties) = preSolution
		HideSolutionNode = FALSE
	EndGlobalSection
	GlobalSection(ExtensibilityGlobals) = postSolution
		SolutionGuid = {87DA6F36-3241-4920-B38A-9533FC42CEBA}
	EndGlobalSection
EndGlobal
