
Microsoft Visual Studio Solution File, Format Version 12.00
# Visual Studio 15
VisualStudioVersion = 15.0.26730.10
MinimumVisualStudioVersion = 10.0.40219.1
Project("{9A19103F-16F7-4668-BE54-9A1E7A4F7556}") = "TutoServices", "TutoServices\TutoServices.csproj", "{8F788F61-A7F6-4218-9DBF-18666F10DDB8}"
EndProject
Project("{9A19103F-16F7-4668-BE54-9A1E7A4F7556}") = "Tuto", "Tuto\Tuto.csproj", "{4DD5BC5E-5CBD-48DE-A1D3-15D682E7B51C}"
EndProject
Project("{9A19103F-16F7-4668-BE54-9A1E7A4F7556}") = "TutoData", "TutoData\TutoData.csproj", "{58FDD7BD-C2FC-4688-B2D3-017759DD430D}"
EndProject
Global
	GlobalSection(SolutionConfigurationPlatforms) = preSolution
		Debug|Any CPU = Debug|Any CPU
		Release|Any CPU = Release|Any CPU
	EndGlobalSection
	GlobalSection(ProjectConfigurationPlatforms) = postSolution
		{8F788F61-A7F6-4218-9DBF-18666F10DDB8}.Debug|Any CPU.ActiveCfg = Debug|Any CPU
		{8F788F61-A7F6-4218-9DBF-18666F10DDB8}.Debug|Any CPU.Build.0 = Debug|Any CPU
		{8F788F61-A7F6-4218-9DBF-18666F10DDB8}.Release|Any CPU.ActiveCfg = Release|Any CPU
		{8F788F61-A7F6-4218-9DBF-18666F10DDB8}.Release|Any CPU.Build.0 = Release|Any CPU
		{4DD5BC5E-5CBD-48DE-A1D3-15D682E7B51C}.Debug|Any CPU.ActiveCfg = Debug|Any CPU
		{4DD5BC5E-5CBD-48DE-A1D3-15D682E7B51C}.Debug|Any CPU.Build.0 = Debug|Any CPU
		{4DD5BC5E-5CBD-48DE-A1D3-15D682E7B51C}.Release|Any CPU.ActiveCfg = Release|Any CPU
		{4DD5BC5E-5CBD-48DE-A1D3-15D682E7B51C}.Release|Any CPU.Build.0 = Release|Any CPU
		{58FDD7BD-C2FC-4688-B2D3-017759DD430D}.Debug|Any CPU.ActiveCfg = Debug|Any CPU
		{58FDD7BD-C2FC-4688-B2D3-017759DD430D}.Debug|Any CPU.Build.0 = Debug|Any CPU
		{58FDD7BD-C2FC-4688-B2D3-017759DD430D}.Release|Any CPU.ActiveCfg = Release|Any CPU
		{58FDD7BD-C2FC-4688-B2D3-017759DD430D}.Release|Any CPU.Build.0 = Release|Any CPU
	EndGlobalSection
	GlobalSection(SolutionProperties) = preSolution
		HideSolutionNode = FALSE
	EndGlobalSection
	GlobalSection(ExtensibilityGlobals) = postSolution
		SolutionGuid = {87DA6F36-3241-4920-B38A-9533FC42CEBA}
	EndGlobalSection
EndGlobal
